{
  "name": "esbundle",
  "version": "1.0.0",
  "lockfileVersion": 1,
  "requires": true,
  "dependencies": {
    "esbuild": {
      "version": "0.8.16",
      "resolved": "https://registry.npmjs.org/esbuild/-/esbuild-0.8.16.tgz",
      "integrity": "sha512-HMvPNxDIhEGO/YUh8oO8oxQ1g+ttWz2anUF7NJmQglj2XfJS8zd8mP0Sb2y+jE1SVk3UjD/rYhdsEOFULN9/xw=="
    }
  }
}
